<?xml version="1.0" encoding="utf-8"?>
<Project ToolsVersion="4.0" xmlns="http://schemas.microsoft.com/developer/msbuild/2003">
  <ItemGroup>
    <Filter Include="Source Files">
      <UniqueIdentifier>{4FC737F1-C7A5-4376-A066-2A32D752A2FF}</UniqueIdentifier>
      <Extensions>cpp;c;cc;cxx;c++;cppm;ixx;def;odl;idl;hpj;bat;asm;asmx</Extensions>
    </Filter>
    <Filter Include="Header Files">
      <UniqueIdentifier>{93995380-89BD-4b04-88EB-625FBE52EBFB}</UniqueIdentifier>
      <Extensions>h;hh;hpp;hxx;h++;hm;inl;inc;ipp;xsd</Extensions>
    </Filter>
    <Filter Include="Resource Files">
      <UniqueIdentifier>{67DA6AB6-F800-4c08-8B7A-83BB121AAD01}</UniqueIdentifier>
      <Extensions>rc;ico;cur;bmp;dlg;rc2;rct;bin;rgs;gif;jpg;jpeg;jpe;resx;tiff;tif;png;wav;mfcribbon-ms</Extensions>
    </Filter>
  </ItemGroup>
  <ItemGroup>
    <ClCompile Include="C++ Functions.cpp">
      <Filter>Source Files</Filter>
    </ClCompile>
    <ClCompile Include="src\cpp\System.cpp">
      <Filter>Source Files</Filter>
    </ClCompile>
    <ClCompile Include="src\cpp\Intro.cpp">
      <Filter>Source Files</Filter>
    </ClCompile>
    <ClCompile Include="src\cpp\Default.cpp">
      <Filter>Source Files</Filter>
    </ClCompile>
    <ClCompile Include="src\cpp\Cheats.cpp">
      <Filter>Source Files</Filter>
    </ClCompile>
    <ClCompile Include="src\cpp\MenuCourse.cpp">
      <Filter>Source Files</Filter>
    </ClCompile>
    <ClCompile Include="src\cpp\Commands.cpp">
      <Filter>Source Files</Filter>
    </ClCompile>
    <ClCompile Include="src\cpp\Frame.cpp">
      <Filter>Source Files</Filter>
    </ClCompile>
    <ClCompile Include="courses\0 - Test\0 - Test chapter\CO0CH1 - Test chapter.cpp">
      <Filter>Source Files</Filter>
    </ClCompile>
    <ClCompile Include="courses\1 - Functions\1 - What are functions.cpp">
      <Filter>Source Files</Filter>
    </ClCompile>
    <ClCompile Include="courses\1 - Functions\2 - What is function parameter-argument.cpp">
      <Filter>Source Files</Filter>
    </ClCompile>
    <ClCompile Include="courses\1 - Functions\3 - Return statement.cpp">
      <Filter>Source Files</Filter>
    </ClCompile>
    <ClCompile Include="courses\1 - Functions\4 - Function overloading.cpp">
      <Filter>Source Files</Filter>
    </ClCompile>
    <ClCompile Include="courses\1 - Functions\5 - ATM application.cpp">
      <Filter>Source Files</Filter>
    </ClCompile>
    <ClCompile Include="courses\1 - Functions\6 - Recursion.cpp">
      <Filter>Source Files</Filter>
    </ClCompile>
    <ClCompile Include="courses\1 - Functions\7 - Generic functions.cpp">
      <Filter>Source Files</Filter>
    </ClCompile>
    <ClCompile Include="courses\1 - Functions\8 - Lambda expressions.cpp">
      <Filter>Source Files</Filter>
    </ClCompile>
    <ClCompile Include="courses\1 - Functions\5.1 - Activity - ATM 2 users.cpp">
      <Filter>Source Files</Filter>
    </ClCompile>
    <ClCompile Include="courses\1 - Functions\6.1 - Activity - Calculate factorial.cpp">
      <Filter>Source Files</Filter>
    </ClCompile>
    <ClCompile Include="courses\2 - Pointers\1 - Introduction.cpp">
      <Filter>Source Files</Filter>
    </ClCompile>
    <ClCompile Include="courses\2 - Pointers\2 - Void pointers.cpp">
      <Filter>Source Files</Filter>
    </ClCompile>
    <ClCompile Include="courses\2 - Pointers\3 - How to use pointers &amp; arrays.cpp">
      <Filter>Source Files</Filter>
    </ClCompile>
    <ClCompile Include="courses\2 - Pointers\4 - Return multiple values from function.cpp">
      <Filter>Source Files</Filter>
    </ClCompile>
    <ClCompile Include="courses\2 - Pointers\5 - Create-change arrays at runtime.cpp">
      <Filter>Source Files</Filter>
    </ClCompile>
    <ClCompile Include="courses\2 - Pointers\6 - Dinamic two-dimensional array.cpp">
      <Filter>Source Files</Filter>
    </ClCompile>
    <ClCompile Include="courses\2 - Pointers\7 - Smart pointers.cpp">
      <Filter>Source Files</Filter>
    </ClCompile>
    <ClCompile Include="courses\2 - Pointers\8 - Function pointers.cpp">
      <Filter>Source Files</Filter>
    </ClCompile>
    <ClCompile Include="courses\2 - Pointers\9 - Function pointers-delegates &amp; callbacks.cpp">
      <Filter>Source Files</Filter>
    </ClCompile>
    <ClCompile Include="courses\3 - Data structures\1 - Summary.cpp">
      <Filter>Source Files</Filter>
    </ClCompile>
    <ClCompile Include="courses\3 - Data structures\2- How to work whit arrays.cpp">
      <Filter>Source Files</Filter>
    </ClCompile>
    <ClCompile Include="courses\3 - Data structures\3 - Linked lists.cpp">
      <Filter>Source Files</Filter>
    </ClCompile>
    <ClCompile Include="courses\3 - Data structures\4 - How to insert a new node in a linked list.cpp">
      <Filter>Source Files</Filter>
    </ClCompile>
    <ClCompile Include="courses\3 - Data structures\5 - What is STACK data structure.cpp">
      <Filter>Source Files</Filter>
    </ClCompile>
    <ClCompile Include="courses\3 - Data structures\6 - Queue and FIFO-FCFS.cpp">
      <Filter>Source Files</Filter>
    </ClCompile>
    <ClCompile Include="courses\3 - Data structures\7 - Map.cpp">
      <Filter>Source Files</Filter>
    </ClCompile>
    <ClCompile Include="courses\3 - Data structures\8 - Doubly Linked Lists.cpp">
      <Filter>Source Files</Filter>
    </ClCompile>
    <ClCompile Include="courses\3 - Data structures\9 - Tree data structure.cpp">
      <Filter>Source Files</Filter>
    </ClCompile>
    <ClCompile Include="courses\3 - Data structures\10 - Tree traversal algorithms.cpp">
      <Filter>Source Files</Filter>
    </ClCompile>
    <ClCompile Include="courses\3 - Data structures\11 - STL vector.cpp">
      <Filter>Source Files</Filter>
    </ClCompile>
    <ClCompile Include="courses\3 - Data structures\6.1 - Activity - Queue schedule.cpp">
      <Filter>Source Files</Filter>
    </ClCompile>
    <ClCompile Include="src\cpp\MenuFunctions.cpp">
      <Filter>Source Files</Filter>
    </ClCompile>
    <ClCompile Include="src\cpp\MenuPointers.cpp">
      <Filter>Source Files</Filter>
    </ClCompile>
    <ClCompile Include="src\cpp\MenuDataStructures.cpp">
      <Filter>Source Files</Filter>
    </ClCompile>
    <ClCompile Include="src\cpp\MenuDefault.cpp">
      <Filter>Source Files</Filter>
    </ClCompile>
  </ItemGroup>
  <ItemGroup>
    <ClInclude Include="src\h\System.h">
      <Filter>Header Files</Filter>
    </ClInclude>
    <ClInclude Include="src\h\Intro.h">
      <Filter>Header Files</Filter>
    </ClInclude>
    <ClInclude Include="src\h\Default.h">
      <Filter>Header Files</Filter>
    </ClInclude>
    <ClInclude Include="src\h\Cheats.h">
      <Filter>Header Files</Filter>
    </ClInclude>
    <ClInclude Include="src\h\Commands.h">
      <Filter>Header Files</Filter>
    </ClInclude>
    <ClInclude Include="src\h\MenuCourse.h">
      <Filter>Header Files</Filter>
    </ClInclude>
    <ClInclude Include="C++ Functions.h">
      <Filter>Header Files</Filter>
    </ClInclude>
    <ClInclude Include="src\h\Frame.h">
      <Filter>Header Files</Filter>
    </ClInclude>
    <ClInclude Include="courses\0 - Test\0 - Test chapter\CO0CH1 - Test chapter.h">
      <Filter>Header Files</Filter>
    </ClInclude>
    <ClInclude Include="courses\1 - Functions.h">
      <Filter>Header Files</Filter>
    </ClInclude>
    <ClInclude Include="courses\2 - Pointers.h">
      <Filter>Header Files</Filter>
    </ClInclude>
    <ClInclude Include="courses\3 - Data structures.h">
      <Filter>Header Files</Filter>
    </ClInclude>
    <ClInclude Include="src\h\MenuFunctions.h">
      <Filter>Header Files</Filter>
    </ClInclude>
    <ClInclude Include="src\h\MenuPointers.h">
      <Filter>Header Files</Filter>
    </ClInclude>
    <ClInclude Include="src\h\MenuDataStructures.h">
      <Filter>Header Files</Filter>
    </ClInclude>
    <ClInclude Include="src\h\MenuVariables.h">
      <Filter>Header Files</Filter>
    </ClInclude>
    <ClInclude Include="src\h\MenuDefault.h">
      <Filter>Header Files</Filter>
    </ClInclude>
  </ItemGroup>
</Project>