
Microsoft Visual Studio Solution File, Format Version 12.00
# Visual Studio Version 17
VisualStudioVersion = 17.6.33723.286
MinimumVisualStudioVersion = 10.0.40219.1
Project("{8BC9CEB8-8B4A-11D0-8D11-00A0C91BC942}") = "tmp2", "tmp2.vcxproj", "{8683F9F9-00FC-4622-94ED-104876BF1ECF}"
EndProject
Global
	GlobalSection(SolutionConfigurationPlatforms) = preSolution
		Debug|x64 = Debug|x64
		Debug|x86 = Debug|x86
		Release|x64 = Release|x64
		Release|x86 = Release|x86
	EndGlobalSection
	GlobalSection(ProjectConfigurationPlatforms) = postSolution
		{8683F9F9-00FC-4622-94ED-104876BF1ECF}.Debug|x64.ActiveCfg = Debug|x64
		{8683F9F9-00FC-4622-94ED-104876BF1ECF}.Debug|x64.Build.0 = Debug|x64
		{8683F9F9-00FC-4622-94ED-104876BF1ECF}.Debug|x86.ActiveCfg = Debug|Win32
		{8683F9F9-00FC-4622-94ED-104876BF1ECF}.Debug|x86.Build.0 = Debug|Win32
		{8683F9F9-00FC-4622-94ED-104876BF1ECF}.Release|x64.ActiveCfg = Release|x64
		{8683F9F9-00FC-4622-94ED-104876BF1ECF}.Release|x64.Build.0 = Release|x64
		{8683F9F9-00FC-4622-94ED-104876BF1ECF}.Release|x86.ActiveCfg = Release|Win32
		{8683F9F9-00FC-4622-94ED-104876BF1ECF}.Release|x86.Build.0 = Release|Win32
	EndGlobalSection
	GlobalSection(SolutionProperties) = preSolution
		HideSolutionNode = FALSE
	EndGlobalSection
	GlobalSection(ExtensibilityGlobals) = postSolution
		SolutionGuid = {FB228B34-1BF1-4566-A59C-DD1252F66039}
	EndGlobalSection
EndGlobal
