<?xml version="1.0" encoding="utf-8"?>
<Project ToolsVersion="4.0" xmlns="http://schemas.microsoft.com/developer/msbuild/2003">
  <ItemGroup>
    <Filter Include="Source Files">
      <UniqueIdentifier>{4FC737F1-C7A5-4376-A066-2A32D752A2FF}</UniqueIdentifier>
      <Extensions>cpp;c;cc;cxx;c++;cppm;ixx;def;odl;idl;hpj;bat;asm;asmx</Extensions>
    </Filter>
    <Filter Include="Header Files">
      <UniqueIdentifier>{93995380-89BD-4b04-88EB-625FBE52EBFB}</UniqueIdentifier>
      <Extensions>h;hh;hpp;hxx;h++;hm;inl;inc;ipp;xsd</Extensions>
    </Filter>
    <Filter Include="Resource Files">
      <UniqueIdentifier>{67DA6AB6-F800-4c08-8B7A-83BB121AAD01}</UniqueIdentifier>
      <Extensions>rc;ico;cur;bmp;dlg;rc2;rct;bin;rgs;gif;jpg;jpeg;jpe;resx;tiff;tif;png;wav;mfcribbon-ms</Extensions>
    </Filter>
  </ItemGroup>
  <ItemGroup>
    <ClCompile Include="src\chapter\CB15_2_SwapVarValue.cpp">
      <Filter>Source Files</Filter>
    </ClCompile>
    <ClCompile Include="src\def\Default.cpp">
      <Filter>Source Files</Filter>
    </ClCompile>
    <ClCompile Include="src\Main.cpp">
      <Filter>Source Files</Filter>
    </ClCompile>
    <ClCompile Include="src\chapter\CB16_FunctionsIntro.cpp">
      <Filter>Source Files</Filter>
    </ClCompile>
    <ClCompile Include="src\chapter\CB17_FunctionsWParameters.cpp">
      <Filter>Source Files</Filter>
    </ClCompile>
    <ClCompile Include="src\def\Default2.cpp">
      <Filter>Source Files</Filter>
    </ClCompile>
    <ClCompile Include="src\def\Default3.cpp">
      <Filter>Source Files</Filter>
    </ClCompile>
    <ClCompile Include="src\chapter\CB18_FunctionReturnStatement.cpp">
      <Filter>Source Files</Filter>
    </ClCompile>
    <ClCompile Include="src\chapter\CB19_FunctionOverload.cpp">
      <Filter>Source Files</Filter>
    </ClCompile>
    <ClCompile Include="src\chapter\CB20_BuildATMApp.cpp">
      <Filter>Source Files</Filter>
    </ClCompile>
    <ClCompile Include="src\chapter\CB21_0_GenericFunctionsAndTemplates.cpp">
      <Filter>Source Files</Filter>
    </ClCompile>
    <ClCompile Include="src\chapter\CB21_2_POINTERSReturnMultipleValuesFromFunction.cpp">
      <Filter>Source Files</Filter>
    </ClCompile>
    <ClCompile Include="src\chapter\CB22_Recursion&amp;RecursiveFunctions.cpp">
      <Filter>Source Files</Filter>
    </ClCompile>
    <ClCompile Include="src\chapter\CB22_E_CalculateFactorial.cpp">
      <Filter>Source Files</Filter>
    </ClCompile>
    <ClCompile Include="src\chapter\CB23_IntroductionToOOPClasses&amp;Objects.cpp">
      <Filter>Source Files</Filter>
    </ClCompile>
    <ClCompile Include="src\chapter\CB24_OOPConstructors&amp;ClassMethods.cpp">
      <Filter>Source Files</Filter>
    </ClCompile>
    <ClCompile Include="src\chapter\CB25_OOPEncapsulationGIT.cpp">
      <Filter>Source Files</Filter>
    </ClCompile>
    <ClCompile Include="src\chapter\CB26_OOPInheritanceGIT.cpp">
      <Filter>Source Files</Filter>
    </ClCompile>
    <ClCompile Include="src\chapter\CB27_OOPPolimorfismGIT.cpp">
      <Filter>Source Files</Filter>
    </ClCompile>
    <ClCompile Include="src\chapter\CB28_IntroductionToPointers.cpp">
      <Filter>Source Files</Filter>
    </ClCompile>
    <ClCompile Include="src\chapter\CB29_VoidPointers.cpp">
      <Filter>Source Files</Filter>
    </ClCompile>
    <ClCompile Include="src\def\Default4.cpp">
      <Filter>Source Files</Filter>
    </ClCompile>
    <ClCompile Include="src\chapter\CB30_Pointers&amp;Arrays.cpp">
      <Filter>Source Files</Filter>
    </ClCompile>
    <ClCompile Include="src\chapter\CB31_ReturnMultipleValuesFromFUsingPointers.cpp">
      <Filter>Source Files</Filter>
    </ClCompile>
    <ClCompile Include="src\chapter\CB32_DynamicArrays.cpp">
      <Filter>Source Files</Filter>
    </ClCompile>
    <ClCompile Include="src\chapter\CB33_MultiDimensionalArrays.cpp">
      <Filter>Source Files</Filter>
    </ClCompile>
    <ClCompile Include="src\def\Default5.cpp">
      <Filter>Source Files</Filter>
    </ClCompile>
    <ClCompile Include="src\chapter\CB34_DetectingErrorsInCodeUsingPVSStudio.cpp">
      <Filter>Source Files</Filter>
    </ClCompile>
  </ItemGroup>
</Project>