
Microsoft Visual Studio Solution File, Format Version 12.00
# Visual Studio Version 17
VisualStudioVersion = 17.6.33723.286
MinimumVisualStudioVersion = 10.0.40219.1
Project("{8BC9CEB8-8B4A-11D0-8D11-00A0C91BC942}") = "CodeBeauty_Cpp_6", "CodeBeauty_Cpp_6.vcxproj", "{CD4903B7-FD07-424E-A029-7244D0ED4F19}"
EndProject
Global
	GlobalSection(SolutionConfigurationPlatforms) = preSolution
		Debug|x64 = Debug|x64
		Debug|x86 = Debug|x86
		Release|x64 = Release|x64
		Release|x86 = Release|x86
	EndGlobalSection
	GlobalSection(ProjectConfigurationPlatforms) = postSolution
		{CD4903B7-FD07-424E-A029-7244D0ED4F19}.Debug|x64.ActiveCfg = Debug|x64
		{CD4903B7-FD07-424E-A029-7244D0ED4F19}.Debug|x64.Build.0 = Debug|x64
		{CD4903B7-FD07-424E-A029-7244D0ED4F19}.Debug|x86.ActiveCfg = Debug|Win32
		{CD4903B7-FD07-424E-A029-7244D0ED4F19}.Debug|x86.Build.0 = Debug|Win32
		{CD4903B7-FD07-424E-A029-7244D0ED4F19}.Release|x64.ActiveCfg = Release|x64
		{CD4903B7-FD07-424E-A029-7244D0ED4F19}.Release|x64.Build.0 = Release|x64
		{CD4903B7-FD07-424E-A029-7244D0ED4F19}.Release|x86.ActiveCfg = Release|Win32
		{CD4903B7-FD07-424E-A029-7244D0ED4F19}.Release|x86.Build.0 = Release|Win32
	EndGlobalSection
	GlobalSection(SolutionProperties) = preSolution
		HideSolutionNode = FALSE
	EndGlobalSection
	GlobalSection(ExtensibilityGlobals) = postSolution
		SolutionGuid = {96AA98DD-6DBE-4CCA-9C5B-BE3B4C5E5C1E}
	EndGlobalSection
EndGlobal
